// !$*UTF8*$!
{
	archiveVersion = 1;
	classes = {
	};
	objectVersion = 46;
	objects = {

/* Begin PBXBuildFile section */
		594A7C4A18C57C94008C077C /* Security.framework in Frameworks */ = {isa = PBXBuildFile; fileRef = 594A7C4918C57C94008C077C /* Security.framework */; };
		9D00E043193517B600EABE29 /* DTPurchaseViewController.m in Sources */ = {isa = PBXBuildFile; fileRef = 9D00E042193517B600EABE29 /* DTPurchaseViewController.m */; };
		9D15D3BC18B6F34100FA635E /* JosefinSlab-Bold.ttf in Resources */ = {isa = PBXBuildFile; fileRef = 9D15D3B218B6F34100FA635E /* JosefinSlab-Bold.ttf */; };
		9D15D3BD18B6F34100FA635E /* JosefinSlab-BoldItalic.ttf in Resources */ = {isa = PBXBuildFile; fileRef = 9D15D3B318B6F34100FA635E /* JosefinSlab-BoldItalic.ttf */; };
		9D15D3BE18B6F34100FA635E /* JosefinSlab-Italic.ttf in Resources */ = {isa = PBXBuildFile; fileRef = 9D15D3B418B6F34100FA635E /* JosefinSlab-Italic.ttf */; };
		9D15D3BF18B6F34100FA635E /* JosefinSlab-Light.ttf in Resources */ = {isa = PBXBuildFile; fileRef = 9D15D3B518B6F34100FA635E /* JosefinSlab-Light.ttf */; };
		9D15D3C018B6F34100FA635E /* JosefinSlab-LightItalic.ttf in Resources */ = {isa = PBXBuildFile; fileRef = 9D15D3B618B6F34100FA635E /* JosefinSlab-LightItalic.ttf */; };
		9D15D3C118B6F34100FA635E /* JosefinSlab-Regular.ttf in Resources */ = {isa = PBXBuildFile; fileRef = 9D15D3B718B6F34100FA635E /* JosefinSlab-Regular.ttf */; };
		9D15D3C218B6F34100FA635E /* JosefinSlab-SemiBold.ttf in Resources */ = {isa = PBXBuildFile; fileRef = 9D15D3B818B6F34100FA635E /* JosefinSlab-SemiBold.ttf */; };
		9D15D3C318B6F34100FA635E /* JosefinSlab-SemiBoldItalic.ttf in Resources */ = {isa = PBXBuildFile; fileRef = 9D15D3B918B6F34100FA635E /* JosefinSlab-SemiBoldItalic.ttf */; };
		9D15D3C418B6F34100FA635E /* JosefinSlab-Thin.ttf in Resources */ = {isa = PBXBuildFile; fileRef = 9D15D3BA18B6F34100FA635E /* JosefinSlab-Thin.ttf */; };
		9D15D3C518B6F34100FA635E /* JosefinSlab-ThinItalic.ttf in Resources */ = {isa = PBXBuildFile; fileRef = 9D15D3BB18B6F34100FA635E /* JosefinSlab-ThinItalic.ttf */; };
		9D15D3D118B72A0C00FA635E /* MapKit.framework in Frameworks */ = {isa = PBXBuildFile; fileRef = 9D15D3D018B72A0C00FA635E /* MapKit.framework */; };
		9D27300F18DE6BB1004CF460 /* DTCache.m in Sources */ = {isa = PBXBuildFile; fileRef = 9D27300E18DE6BB1004CF460 /* DTCache.m */; };
		9D3E0D01193AC5C900B0223E /* DTReviewManager.m in Sources */ = {isa = PBXBuildFile; fileRef = 9D3E0D00193AC5C900B0223E /* DTReviewManager.m */; };
		9D4E011B192BD70600F50955 /* Main.storyboard in Resources */ = {isa = PBXBuildFile; fileRef = 9D4E011A192BD70600F50955 /* Main.storyboard */; };
		9D4E0120192BD7BE00F50955 /* DTLandingViewController.m in Sources */ = {isa = PBXBuildFile; fileRef = 9D4E011F192BD7BE00F50955 /* DTLandingViewController.m */; };
		9D4E012C192C018300F50955 /* DTLotSorterViewController.m in Sources */ = {isa = PBXBuildFile; fileRef = 9D4E012B192C018300F50955 /* DTLotSorterViewController.m */; };
		9D4E012E192C078700F50955 /* CoreLocation.framework in Frameworks */ = {isa = PBXBuildFile; fileRef = 9D4E012D192C078700F50955 /* CoreLocation.framework */; };
		9D7E8A7718CCD9AC00F4D9C0 /* PDKeychainBindings.m in Sources */ = {isa = PBXBuildFile; fileRef = 594A7C5018C580C3008C077C /* PDKeychainBindings.m */; };
		9D7E8A7818CCD9AC00F4D9C0 /* PDKeychainBindingsController.m in Sources */ = {isa = PBXBuildFile; fileRef = 594A7C5218C580C3008C077C /* PDKeychainBindingsController.m */; };
		9D7E8A7918CCD9AC00F4D9C0 /* AFHTTPRequestOperation.m in Sources */ = {isa = PBXBuildFile; fileRef = 9DF5B44C18C55B2000E1D1D7 /* AFHTTPRequestOperation.m */; };
		9D7E8A7A18CCD9AC00F4D9C0 /* AFHTTPRequestOperationManager.m in Sources */ = {isa = PBXBuildFile; fileRef = 9DF5B44E18C55B2000E1D1D7 /* AFHTTPRequestOperationManager.m */; };
		9D7E8A7B18CCD9AC00F4D9C0 /* AFHTTPSessionManager.m in Sources */ = {isa = PBXBuildFile; fileRef = 9DF5B45018C55B2000E1D1D7 /* AFHTTPSessionManager.m */; };
		9D7E8A7C18CCD9AC00F4D9C0 /* AFNetworkReachabilityManager.m in Sources */ = {isa = PBXBuildFile; fileRef = 9DF5B45318C55B2000E1D1D7 /* AFNetworkReachabilityManager.m */; };
		9D7E8A7D18CCD9AC00F4D9C0 /* AFSecurityPolicy.m in Sources */ = {isa = PBXBuildFile; fileRef = 9DF5B45518C55B2000E1D1D7 /* AFSecurityPolicy.m */; };
		9D7E8A7E18CCD9AC00F4D9C0 /* AFURLConnectionOperation.m in Sources */ = {isa = PBXBuildFile; fileRef = 9DF5B45718C55B2000E1D1D7 /* AFURLConnectionOperation.m */; };
		9D7E8A7F18CCD9AC00F4D9C0 /* AFURLRequestSerialization.m in Sources */ = {isa = PBXBuildFile; fileRef = 9DF5B45918C55B2000E1D1D7 /* AFURLRequestSerialization.m */; };
		9D7E8A8018CCD9AC00F4D9C0 /* AFURLResponseSerialization.m in Sources */ = {isa = PBXBuildFile; fileRef = 9DF5B45B18C55B2000E1D1D7 /* AFURLResponseSerialization.m */; };
		9D7E8A8118CCD9AC00F4D9C0 /* AFURLSessionManager.m in Sources */ = {isa = PBXBuildFile; fileRef = 9DF5B45D18C55B2000E1D1D7 /* AFURLSessionManager.m */; };
		9D7E8A8218CCD9AC00F4D9C0 /* DTDataManager.m in Sources */ = {isa = PBXBuildFile; fileRef = 9DF5B45F18C55B2000E1D1D7 /* DTDataManager.m */; };
		9D7E8A8318CCD9AC00F4D9C0 /* DTNetworkManager.m in Sources */ = {isa = PBXBuildFile; fileRef = 9DF5B46518C55B2000E1D1D7 /* DTNetworkManager.m */; };
		9D7E8A8518CCD9AC00F4D9C0 /* DTModel.m in Sources */ = {isa = PBXBuildFile; fileRef = 9DF5B46318C55B2000E1D1D7 /* DTModel.m */; };
		9D7E8A8618CCD9AC00F4D9C0 /* DTParkingLot.m in Sources */ = {isa = PBXBuildFile; fileRef = 9DF5B43F18C55AFE00E1D1D7 /* DTParkingLot.m */; };
		9D7E8A8718CCD9AC00F4D9C0 /* DTParkingSpot.m in Sources */ = {isa = PBXBuildFile; fileRef = 9DF5B44118C55AFE00E1D1D7 /* DTParkingSpot.m */; };
		9D7E8A8818CCD9AC00F4D9C0 /* DTReview.m in Sources */ = {isa = PBXBuildFile; fileRef = 9DF5B44318C55AFE00E1D1D7 /* DTReview.m */; };
		9D7E8A8918CCD9AC00F4D9C0 /* DTUser.m in Sources */ = {isa = PBXBuildFile; fileRef = 9DF5B44518C55AFE00E1D1D7 /* DTUser.m */; };
		9D7E8A8A18CCD9AC00F4D9C0 /* DTCar.m in Sources */ = {isa = PBXBuildFile; fileRef = 594A7C5618C59315008C077C /* DTCar.m */; };
		9D7E8A9C18CCDA7400F4D9C0 /* DTAppDelegate.m in Sources */ = {isa = PBXBuildFile; fileRef = 9DE9D53118B462B50035519D /* DTAppDelegate.m */; };
		9D8A64ED192C0CF40003448C /* DTLotTableViewCell.m in Sources */ = {isa = PBXBuildFile; fileRef = 9D8A64EC192C0CF40003448C /* DTLotTableViewCell.m */; };
		9D8A64EE192C10F60003448C /* DTNavigationBar.m in Sources */ = {isa = PBXBuildFile; fileRef = 9D4E0123192BFCE000F50955 /* DTNavigationBar.m */; };
		9D8A64F6192C5AB20003448C /* DTLotExpandedTableViewCell.m in Sources */ = {isa = PBXBuildFile; fileRef = 9D8A64F5192C5AB20003448C /* DTLotExpandedTableViewCell.m */; };
		9D8A64FA193263B70003448C /* DTSpotTableViewCell.m in Sources */ = {isa = PBXBuildFile; fileRef = 9D8A64F9193263B70003448C /* DTSpotTableViewCell.m */; };
		9DE968F519397D4F009470B1 /* DTSpotManager.m in Sources */ = {isa = PBXBuildFile; fileRef = 9DE968F419397D4F009470B1 /* DTSpotManager.m */; };
		9DE968F819399F31009470B1 /* DTLotManager.m in Sources */ = {isa = PBXBuildFile; fileRef = 9DE968F719399F31009470B1 /* DTLotManager.m */; };
		9DE968FB1939A267009470B1 /* DTUserManager.m in Sources */ = {isa = PBXBuildFile; fileRef = 9DE968FA1939A267009470B1 /* DTUserManager.m */; };
		9DE968FE1939A4F0009470B1 /* DTCarManager.m in Sources */ = {isa = PBXBuildFile; fileRef = 9DE968FD1939A4F0009470B1 /* DTCarManager.m */; };
		9DE9D52218B462B50035519D /* Foundation.framework in Frameworks */ = {isa = PBXBuildFile; fileRef = 9DE9D52118B462B50035519D /* Foundation.framework */; };
		9DE9D52418B462B50035519D /* CoreGraphics.framework in Frameworks */ = {isa = PBXBuildFile; fileRef = 9DE9D52318B462B50035519D /* CoreGraphics.framework */; };
		9DE9D52618B462B50035519D /* UIKit.framework in Frameworks */ = {isa = PBXBuildFile; fileRef = 9DE9D52518B462B50035519D /* UIKit.framework */; };
		9DE9D52C18B462B50035519D /* InfoPlist.strings in Resources */ = {isa = PBXBuildFile; fileRef = 9DE9D52A18B462B50035519D /* InfoPlist.strings */; };
		9DE9D52E18B462B50035519D /* main.m in Sources */ = {isa = PBXBuildFile; fileRef = 9DE9D52D18B462B50035519D /* main.m */; };
		9DE9D53A18B462B50035519D /* Images.xcassets in Resources */ = {isa = PBXBuildFile; fileRef = 9DE9D53918B462B50035519D /* Images.xcassets */; };
		9DE9D54118B462B50035519D /* XCTest.framework in Frameworks */ = {isa = PBXBuildFile; fileRef = 9DE9D54018B462B50035519D /* XCTest.framework */; };
		9DE9D54218B462B50035519D /* Foundation.framework in Frameworks */ = {isa = PBXBuildFile; fileRef = 9DE9D52118B462B50035519D /* Foundation.framework */; };
		9DE9D54318B462B50035519D /* UIKit.framework in Frameworks */ = {isa = PBXBuildFile; fileRef = 9DE9D52518B462B50035519D /* UIKit.framework */; };
		9DE9D54B18B462B50035519D /* InfoPlist.strings in Resources */ = {isa = PBXBuildFile; fileRef = 9DE9D54918B462B50035519D /* InfoPlist.strings */; };
		9DE9D54D18B462B50035519D /* ParklyTests.m in Sources */ = {isa = PBXBuildFile; fileRef = 9DE9D54C18B462B50035519D /* ParklyTests.m */; };
/* End PBXBuildFile section */

/* Begin PBXContainerItemProxy section */
		9DE9D54418B462B50035519D /* PBXContainerItemProxy */ = {
			isa = PBXContainerItemProxy;
			containerPortal = 9DE9D51618B462B50035519D /* Project object */;
			proxyType = 1;
			remoteGlobalIDString = 9DE9D51D18B462B50035519D;
			remoteInfo = Parkly;
		};
/* End PBXContainerItemProxy section */

/* Begin PBXFileReference section */
		594A7C4918C57C94008C077C /* Security.framework */ = {isa = PBXFileReference; lastKnownFileType = wrapper.framework; name = Security.framework; path = System/Library/Frameworks/Security.framework; sourceTree = SDKROOT; };
		594A7C4F18C580C3008C077C /* PDKeychainBindings.h */ = {isa = PBXFileReference; fileEncoding = 4; lastKnownFileType = sourcecode.c.h; path = PDKeychainBindings.h; sourceTree = "<group>"; };
		594A7C5018C580C3008C077C /* PDKeychainBindings.m */ = {isa = PBXFileReference; fileEncoding = 4; lastKnownFileType = sourcecode.c.objc; path = PDKeychainBindings.m; sourceTree = "<group>"; };
		594A7C5118C580C3008C077C /* PDKeychainBindingsController.h */ = {isa = PBXFileReference; fileEncoding = 4; lastKnownFileType = sourcecode.c.h; path = PDKeychainBindingsController.h; sourceTree = "<group>"; };
		594A7C5218C580C3008C077C /* PDKeychainBindingsController.m */ = {isa = PBXFileReference; fileEncoding = 4; lastKnownFileType = sourcecode.c.objc; path = PDKeychainBindingsController.m; sourceTree = "<group>"; };
		594A7C5518C59315008C077C /* DTCar.h */ = {isa = PBXFileReference; fileEncoding = 4; lastKnownFileType = sourcecode.c.h; path = DTCar.h; sourceTree = "<group>"; };
		594A7C5618C59315008C077C /* DTCar.m */ = {isa = PBXFileReference; fileEncoding = 4; lastKnownFileType = sourcecode.c.objc; path = DTCar.m; sourceTree = "<group>"; };
		9D00E041193517B600EABE29 /* DTPurchaseViewController.h */ = {isa = PBXFileReference; fileEncoding = 4; lastKnownFileType = sourcecode.c.h; name = DTPurchaseViewController.h; path = Files/DTPurchaseViewController.h; sourceTree = "<group>"; };
		9D00E042193517B600EABE29 /* DTPurchaseViewController.m */ = {isa = PBXFileReference; fileEncoding = 4; lastKnownFileType = sourcecode.c.objc; name = DTPurchaseViewController.m; path = Files/DTPurchaseViewController.m; sourceTree = "<group>"; };
		9D15D3B218B6F34100FA635E /* JosefinSlab-Bold.ttf */ = {isa = PBXFileReference; lastKnownFileType = file; path = "JosefinSlab-Bold.ttf"; sourceTree = "<group>"; };
		9D15D3B318B6F34100FA635E /* JosefinSlab-BoldItalic.ttf */ = {isa = PBXFileReference; lastKnownFileType = file; path = "JosefinSlab-BoldItalic.ttf"; sourceTree = "<group>"; };
		9D15D3B418B6F34100FA635E /* JosefinSlab-Italic.ttf */ = {isa = PBXFileReference; lastKnownFileType = file; path = "JosefinSlab-Italic.ttf"; sourceTree = "<group>"; };
		9D15D3B518B6F34100FA635E /* JosefinSlab-Light.ttf */ = {isa = PBXFileReference; lastKnownFileType = file; path = "JosefinSlab-Light.ttf"; sourceTree = "<group>"; };
		9D15D3B618B6F34100FA635E /* JosefinSlab-LightItalic.ttf */ = {isa = PBXFileReference; lastKnownFileType = file; path = "JosefinSlab-LightItalic.ttf"; sourceTree = "<group>"; };
		9D15D3B718B6F34100FA635E /* JosefinSlab-Regular.ttf */ = {isa = PBXFileReference; lastKnownFileType = file; path = "JosefinSlab-Regular.ttf"; sourceTree = "<group>"; };
		9D15D3B818B6F34100FA635E /* JosefinSlab-SemiBold.ttf */ = {isa = PBXFileReference; lastKnownFileType = file; path = "JosefinSlab-SemiBold.ttf"; sourceTree = "<group>"; };
		9D15D3B918B6F34100FA635E /* JosefinSlab-SemiBoldItalic.ttf */ = {isa = PBXFileReference; lastKnownFileType = file; path = "JosefinSlab-SemiBoldItalic.ttf"; sourceTree = "<group>"; };
		9D15D3BA18B6F34100FA635E /* JosefinSlab-Thin.ttf */ = {isa = PBXFileReference; lastKnownFileType = file; path = "JosefinSlab-Thin.ttf"; sourceTree = "<group>"; };
		9D15D3BB18B6F34100FA635E /* JosefinSlab-ThinItalic.ttf */ = {isa = PBXFileReference; lastKnownFileType = file; path = "JosefinSlab-ThinItalic.ttf"; sourceTree = "<group>"; };
		9D15D3D018B72A0C00FA635E /* MapKit.framework */ = {isa = PBXFileReference; lastKnownFileType = wrapper.framework; name = MapKit.framework; path = System/Library/Frameworks/MapKit.framework; sourceTree = SDKROOT; };
		9D27300D18DE6BB1004CF460 /* DTCache.h */ = {isa = PBXFileReference; fileEncoding = 4; lastKnownFileType = sourcecode.c.h; name = DTCache.h; path = Files/DTCache.h; sourceTree = "<group>"; };
		9D27300E18DE6BB1004CF460 /* DTCache.m */ = {isa = PBXFileReference; fileEncoding = 4; lastKnownFileType = sourcecode.c.objc; name = DTCache.m; path = Files/DTCache.m; sourceTree = "<group>"; };
		9D3E0CFF193AC5C900B0223E /* DTReviewManager.h */ = {isa = PBXFileReference; fileEncoding = 4; lastKnownFileType = sourcecode.c.h; path = DTReviewManager.h; sourceTree = "<group>"; };
		9D3E0D00193AC5C900B0223E /* DTReviewManager.m */ = {isa = PBXFileReference; fileEncoding = 4; lastKnownFileType = sourcecode.c.objc; path = DTReviewManager.m; sourceTree = "<group>"; };
		9D4E011A192BD70600F50955 /* Main.storyboard */ = {isa = PBXFileReference; fileEncoding = 4; lastKnownFileType = file.storyboard; path = Main.storyboard; sourceTree = "<group>"; };
		9D4E011E192BD7BE00F50955 /* DTLandingViewController.h */ = {isa = PBXFileReference; fileEncoding = 4; lastKnownFileType = sourcecode.c.h; path = DTLandingViewController.h; sourceTree = "<group>"; };
		9D4E011F192BD7BE00F50955 /* DTLandingViewController.m */ = {isa = PBXFileReference; fileEncoding = 4; lastKnownFileType = sourcecode.c.objc; path = DTLandingViewController.m; sourceTree = "<group>"; };
		9D4E0122192BFCE000F50955 /* DTNavigationBar.h */ = {isa = PBXFileReference; fileEncoding = 4; lastKnownFileType = sourcecode.c.h; name = DTNavigationBar.h; path = Files/DTNavigationBar.h; sourceTree = "<group>"; };
		9D4E0123192BFCE000F50955 /* DTNavigationBar.m */ = {isa = PBXFileReference; fileEncoding = 4; lastKnownFileType = sourcecode.c.objc; name = DTNavigationBar.m; path = Files/DTNavigationBar.m; sourceTree = "<group>"; };
		9D4E012A192C018300F50955 /* DTLotSorterViewController.h */ = {isa = PBXFileReference; fileEncoding = 4; lastKnownFileType = sourcecode.c.h; name = DTLotSorterViewController.h; path = Files/DTLotSorterViewController.h; sourceTree = "<group>"; };
		9D4E012B192C018300F50955 /* DTLotSorterViewController.m */ = {isa = PBXFileReference; fileEncoding = 4; lastKnownFileType = sourcecode.c.objc; name = DTLotSorterViewController.m; path = Files/DTLotSorterViewController.m; sourceTree = "<group>"; };
		9D4E012D192C078700F50955 /* CoreLocation.framework */ = {isa = PBXFileReference; lastKnownFileType = wrapper.framework; name = CoreLocation.framework; path = System/Library/Frameworks/CoreLocation.framework; sourceTree = SDKROOT; };
		9D8A64EB192C0CF40003448C /* DTLotTableViewCell.h */ = {isa = PBXFileReference; fileEncoding = 4; lastKnownFileType = sourcecode.c.h; name = DTLotTableViewCell.h; path = Files/DTLotTableViewCell.h; sourceTree = "<group>"; };
		9D8A64EC192C0CF40003448C /* DTLotTableViewCell.m */ = {isa = PBXFileReference; fileEncoding = 4; lastKnownFileType = sourcecode.c.objc; name = DTLotTableViewCell.m; path = Files/DTLotTableViewCell.m; sourceTree = "<group>"; };
		9D8A64F4192C5AB20003448C /* DTLotExpandedTableViewCell.h */ = {isa = PBXFileReference; fileEncoding = 4; lastKnownFileType = sourcecode.c.h; name = DTLotExpandedTableViewCell.h; path = Files/DTLotExpandedTableViewCell.h; sourceTree = "<group>"; };
		9D8A64F5192C5AB20003448C /* DTLotExpandedTableViewCell.m */ = {isa = PBXFileReference; fileEncoding = 4; lastKnownFileType = sourcecode.c.objc; name = DTLotExpandedTableViewCell.m; path = Files/DTLotExpandedTableViewCell.m; sourceTree = "<group>"; };
		9D8A64F8193263B70003448C /* DTSpotTableViewCell.h */ = {isa = PBXFileReference; fileEncoding = 4; lastKnownFileType = sourcecode.c.h; name = DTSpotTableViewCell.h; path = Files/DTSpotTableViewCell.h; sourceTree = "<group>"; };
		9D8A64F9193263B70003448C /* DTSpotTableViewCell.m */ = {isa = PBXFileReference; fileEncoding = 4; lastKnownFileType = sourcecode.c.objc; name = DTSpotTableViewCell.m; path = Files/DTSpotTableViewCell.m; sourceTree = "<group>"; };
		9DE968F319397D4F009470B1 /* DTSpotManager.h */ = {isa = PBXFileReference; fileEncoding = 4; lastKnownFileType = sourcecode.c.h; name = DTSpotManager.h; path = Files/DTSpotManager.h; sourceTree = "<group>"; };
		9DE968F419397D4F009470B1 /* DTSpotManager.m */ = {isa = PBXFileReference; fileEncoding = 4; lastKnownFileType = sourcecode.c.objc; name = DTSpotManager.m; path = Files/DTSpotManager.m; sourceTree = "<group>"; };
		9DE968F619399F31009470B1 /* DTLotManager.h */ = {isa = PBXFileReference; fileEncoding = 4; lastKnownFileType = sourcecode.c.h; name = DTLotManager.h; path = Files/DTLotManager.h; sourceTree = "<group>"; };
		9DE968F719399F31009470B1 /* DTLotManager.m */ = {isa = PBXFileReference; fileEncoding = 4; lastKnownFileType = sourcecode.c.objc; name = DTLotManager.m; path = Files/DTLotManager.m; sourceTree = "<group>"; };
		9DE968F91939A267009470B1 /* DTUserManager.h */ = {isa = PBXFileReference; fileEncoding = 4; lastKnownFileType = sourcecode.c.h; name = DTUserManager.h; path = Files/DTUserManager.h; sourceTree = "<group>"; };
		9DE968FA1939A267009470B1 /* DTUserManager.m */ = {isa = PBXFileReference; fileEncoding = 4; lastKnownFileType = sourcecode.c.objc; name = DTUserManager.m; path = Files/DTUserManager.m; sourceTree = "<group>"; };
		9DE968FC1939A4F0009470B1 /* DTCarManager.h */ = {isa = PBXFileReference; fileEncoding = 4; lastKnownFileType = sourcecode.c.h; name = DTCarManager.h; path = Files/DTCarManager.h; sourceTree = "<group>"; };
		9DE968FD1939A4F0009470B1 /* DTCarManager.m */ = {isa = PBXFileReference; fileEncoding = 4; lastKnownFileType = sourcecode.c.objc; name = DTCarManager.m; path = Files/DTCarManager.m; sourceTree = "<group>"; };
		9DE9D51E18B462B50035519D /* Park Ave.app */ = {isa = PBXFileReference; explicitFileType = wrapper.application; includeInIndex = 0; path = "Park Ave.app"; sourceTree = BUILT_PRODUCTS_DIR; };
		9DE9D52118B462B50035519D /* Foundation.framework */ = {isa = PBXFileReference; lastKnownFileType = wrapper.framework; name = Foundation.framework; path = System/Library/Frameworks/Foundation.framework; sourceTree = SDKROOT; };
		9DE9D52318B462B50035519D /* CoreGraphics.framework */ = {isa = PBXFileReference; lastKnownFileType = wrapper.framework; name = CoreGraphics.framework; path = System/Library/Frameworks/CoreGraphics.framework; sourceTree = SDKROOT; };
		9DE9D52518B462B50035519D /* UIKit.framework */ = {isa = PBXFileReference; lastKnownFileType = wrapper.framework; name = UIKit.framework; path = System/Library/Frameworks/UIKit.framework; sourceTree = SDKROOT; };
		9DE9D52918B462B50035519D /* Park Ave-Info.plist */ = {isa = PBXFileReference; lastKnownFileType = text.plist.xml; path = "Park Ave-Info.plist"; sourceTree = "<group>"; };
		9DE9D52B18B462B50035519D /* en */ = {isa = PBXFileReference; lastKnownFileType = text.plist.strings; name = en; path = en.lproj/InfoPlist.strings; sourceTree = "<group>"; };
		9DE9D52D18B462B50035519D /* main.m */ = {isa = PBXFileReference; lastKnownFileType = sourcecode.c.objc; path = main.m; sourceTree = "<group>"; };
		9DE9D52F18B462B50035519D /* Park Ave-Prefix.pch */ = {isa = PBXFileReference; lastKnownFileType = sourcecode.c.h; path = "Park Ave-Prefix.pch"; sourceTree = "<group>"; };
		9DE9D53018B462B50035519D /* DTAppDelegate.h */ = {isa = PBXFileReference; lastKnownFileType = sourcecode.c.h; path = DTAppDelegate.h; sourceTree = "<group>"; };
		9DE9D53118B462B50035519D /* DTAppDelegate.m */ = {isa = PBXFileReference; lastKnownFileType = sourcecode.c.objc; path = DTAppDelegate.m; sourceTree = "<group>"; };
		9DE9D53918B462B50035519D /* Images.xcassets */ = {isa = PBXFileReference; lastKnownFileType = folder.assetcatalog; path = Images.xcassets; sourceTree = "<group>"; };
		9DE9D53F18B462B50035519D /* Park AveTests.xctest */ = {isa = PBXFileReference; explicitFileType = wrapper.cfbundle; includeInIndex = 0; path = "Park AveTests.xctest"; sourceTree = BUILT_PRODUCTS_DIR; };
		9DE9D54018B462B50035519D /* XCTest.framework */ = {isa = PBXFileReference; lastKnownFileType = wrapper.framework; name = XCTest.framework; path = Library/Frameworks/XCTest.framework; sourceTree = DEVELOPER_DIR; };
		9DE9D54818B462B50035519D /* Park AveTests-Info.plist */ = {isa = PBXFileReference; lastKnownFileType = text.plist.xml; path = "Park AveTests-Info.plist"; sourceTree = "<group>"; };
		9DE9D54A18B462B50035519D /* en */ = {isa = PBXFileReference; lastKnownFileType = text.plist.strings; name = en; path = en.lproj/InfoPlist.strings; sourceTree = "<group>"; };
		9DE9D54C18B462B50035519D /* ParklyTests.m */ = {isa = PBXFileReference; lastKnownFileType = sourcecode.c.objc; path = ParklyTests.m; sourceTree = "<group>"; };
		9DF5B43E18C55AFE00E1D1D7 /* DTParkingLot.h */ = {isa = PBXFileReference; fileEncoding = 4; lastKnownFileType = sourcecode.c.h; path = DTParkingLot.h; sourceTree = "<group>"; };
		9DF5B43F18C55AFE00E1D1D7 /* DTParkingLot.m */ = {isa = PBXFileReference; fileEncoding = 4; lastKnownFileType = sourcecode.c.objc; path = DTParkingLot.m; sourceTree = "<group>"; };
		9DF5B44018C55AFE00E1D1D7 /* DTParkingSpot.h */ = {isa = PBXFileReference; fileEncoding = 4; lastKnownFileType = sourcecode.c.h; path = DTParkingSpot.h; sourceTree = "<group>"; };
		9DF5B44118C55AFE00E1D1D7 /* DTParkingSpot.m */ = {isa = PBXFileReference; fileEncoding = 4; lastKnownFileType = sourcecode.c.objc; path = DTParkingSpot.m; sourceTree = "<group>"; };
		9DF5B44218C55AFE00E1D1D7 /* DTReview.h */ = {isa = PBXFileReference; fileEncoding = 4; lastKnownFileType = sourcecode.c.h; path = DTReview.h; sourceTree = "<group>"; };
		9DF5B44318C55AFE00E1D1D7 /* DTReview.m */ = {isa = PBXFileReference; fileEncoding = 4; lastKnownFileType = sourcecode.c.objc; path = DTReview.m; sourceTree = "<group>"; };
		9DF5B44418C55AFE00E1D1D7 /* DTUser.h */ = {isa = PBXFileReference; fileEncoding = 4; lastKnownFileType = sourcecode.c.h; path = DTUser.h; sourceTree = "<group>"; };
		9DF5B44518C55AFE00E1D1D7 /* DTUser.m */ = {isa = PBXFileReference; fileEncoding = 4; lastKnownFileType = sourcecode.c.objc; path = DTUser.m; sourceTree = "<group>"; };
		9DF5B44B18C55B2000E1D1D7 /* AFHTTPRequestOperation.h */ = {isa = PBXFileReference; fileEncoding = 4; lastKnownFileType = sourcecode.c.h; path = AFHTTPRequestOperation.h; sourceTree = "<group>"; };
		9DF5B44C18C55B2000E1D1D7 /* AFHTTPRequestOperation.m */ = {isa = PBXFileReference; fileEncoding = 4; lastKnownFileType = sourcecode.c.objc; path = AFHTTPRequestOperation.m; sourceTree = "<group>"; };
		9DF5B44D18C55B2000E1D1D7 /* AFHTTPRequestOperationManager.h */ = {isa = PBXFileReference; fileEncoding = 4; lastKnownFileType = sourcecode.c.h; path = AFHTTPRequestOperationManager.h; sourceTree = "<group>"; };
		9DF5B44E18C55B2000E1D1D7 /* AFHTTPRequestOperationManager.m */ = {isa = PBXFileReference; fileEncoding = 4; lastKnownFileType = sourcecode.c.objc; path = AFHTTPRequestOperationManager.m; sourceTree = "<group>"; };
		9DF5B44F18C55B2000E1D1D7 /* AFHTTPSessionManager.h */ = {isa = PBXFileReference; fileEncoding = 4; lastKnownFileType = sourcecode.c.h; path = AFHTTPSessionManager.h; sourceTree = "<group>"; };
		9DF5B45018C55B2000E1D1D7 /* AFHTTPSessionManager.m */ = {isa = PBXFileReference; fileEncoding = 4; lastKnownFileType = sourcecode.c.objc; path = AFHTTPSessionManager.m; sourceTree = "<group>"; };
		9DF5B45118C55B2000E1D1D7 /* AFNetworking.h */ = {isa = PBXFileReference; fileEncoding = 4; lastKnownFileType = sourcecode.c.h; path = AFNetworking.h; sourceTree = "<group>"; };
		9DF5B45218C55B2000E1D1D7 /* AFNetworkReachabilityManager.h */ = {isa = PBXFileReference; fileEncoding = 4; lastKnownFileType = sourcecode.c.h; path = AFNetworkReachabilityManager.h; sourceTree = "<group>"; };
		9DF5B45318C55B2000E1D1D7 /* AFNetworkReachabilityManager.m */ = {isa = PBXFileReference; fileEncoding = 4; lastKnownFileType = sourcecode.c.objc; path = AFNetworkReachabilityManager.m; sourceTree = "<group>"; };
		9DF5B45418C55B2000E1D1D7 /* AFSecurityPolicy.h */ = {isa = PBXFileReference; fileEncoding = 4; lastKnownFileType = sourcecode.c.h; path = AFSecurityPolicy.h; sourceTree = "<group>"; };
		9DF5B45518C55B2000E1D1D7 /* AFSecurityPolicy.m */ = {isa = PBXFileReference; fileEncoding = 4; lastKnownFileType = sourcecode.c.objc; path = AFSecurityPolicy.m; sourceTree = "<group>"; };
		9DF5B45618C55B2000E1D1D7 /* AFURLConnectionOperation.h */ = {isa = PBXFileReference; fileEncoding = 4; lastKnownFileType = sourcecode.c.h; path = AFURLConnectionOperation.h; sourceTree = "<group>"; };
		9DF5B45718C55B2000E1D1D7 /* AFURLConnectionOperation.m */ = {isa = PBXFileReference; fileEncoding = 4; lastKnownFileType = sourcecode.c.objc; path = AFURLConnectionOperation.m; sourceTree = "<group>"; };
		9DF5B45818C55B2000E1D1D7 /* AFURLRequestSerialization.h */ = {isa = PBXFileReference; fileEncoding = 4; lastKnownFileType = sourcecode.c.h; path = AFURLRequestSerialization.h; sourceTree = "<group>"; };
		9DF5B45918C55B2000E1D1D7 /* AFURLRequestSerialization.m */ = {isa = PBXFileReference; fileEncoding = 4; lastKnownFileType = sourcecode.c.objc; path = AFURLRequestSerialization.m; sourceTree = "<group>"; };
		9DF5B45A18C55B2000E1D1D7 /* AFURLResponseSerialization.h */ = {isa = PBXFileReference; fileEncoding = 4; lastKnownFileType = sourcecode.c.h; path = AFURLResponseSerialization.h; sourceTree = "<group>"; };
		9DF5B45B18C55B2000E1D1D7 /* AFURLResponseSerialization.m */ = {isa = PBXFileReference; fileEncoding = 4; lastKnownFileType = sourcecode.c.objc; path = AFURLResponseSerialization.m; sourceTree = "<group>"; };
		9DF5B45C18C55B2000E1D1D7 /* AFURLSessionManager.h */ = {isa = PBXFileReference; fileEncoding = 4; lastKnownFileType = sourcecode.c.h; path = AFURLSessionManager.h; sourceTree = "<group>"; };
		9DF5B45D18C55B2000E1D1D7 /* AFURLSessionManager.m */ = {isa = PBXFileReference; fileEncoding = 4; lastKnownFileType = sourcecode.c.objc; path = AFURLSessionManager.m; sourceTree = "<group>"; };
		9DF5B45E18C55B2000E1D1D7 /* DTDataManager.h */ = {isa = PBXFileReference; fileEncoding = 4; lastKnownFileType = sourcecode.c.h; path = DTDataManager.h; sourceTree = "<group>"; };
		9DF5B45F18C55B2000E1D1D7 /* DTDataManager.m */ = {isa = PBXFileReference; fileEncoding = 4; lastKnownFileType = sourcecode.c.objc; path = DTDataManager.m; sourceTree = "<group>"; };
		9DF5B46218C55B2000E1D1D7 /* DTModel.h */ = {isa = PBXFileReference; fileEncoding = 4; lastKnownFileType = sourcecode.c.h; path = DTModel.h; sourceTree = "<group>"; };
		9DF5B46318C55B2000E1D1D7 /* DTModel.m */ = {isa = PBXFileReference; fileEncoding = 4; lastKnownFileType = sourcecode.c.objc; path = DTModel.m; sourceTree = "<group>"; };
		9DF5B46418C55B2000E1D1D7 /* DTNetworkManager.h */ = {isa = PBXFileReference; fileEncoding = 4; lastKnownFileType = sourcecode.c.h; path = DTNetworkManager.h; sourceTree = "<group>"; };
		9DF5B46518C55B2000E1D1D7 /* DTNetworkManager.m */ = {isa = PBXFileReference; fileEncoding = 4; lastKnownFileType = sourcecode.c.objc; path = DTNetworkManager.m; sourceTree = "<group>"; };
/* End PBXFileReference section */

/* Begin PBXFrameworksBuildPhase section */
		9DE9D51B18B462B50035519D /* Frameworks */ = {
			isa = PBXFrameworksBuildPhase;
			buildActionMask = 2147483647;
			files = (
				9D4E012E192C078700F50955 /* CoreLocation.framework in Frameworks */,
				9D15D3D118B72A0C00FA635E /* MapKit.framework in Frameworks */,
				594A7C4A18C57C94008C077C /* Security.framework in Frameworks */,
				9DE9D52418B462B50035519D /* CoreGraphics.framework in Frameworks */,
				9DE9D52618B462B50035519D /* UIKit.framework in Frameworks */,
				9DE9D52218B462B50035519D /* Foundation.framework in Frameworks */,
			);
			runOnlyForDeploymentPostprocessing = 0;
		};
		9DE9D53C18B462B50035519D /* Frameworks */ = {
			isa = PBXFrameworksBuildPhase;
			buildActionMask = 2147483647;
			files = (
				9DE9D54118B462B50035519D /* XCTest.framework in Frameworks */,
				9DE9D54318B462B50035519D /* UIKit.framework in Frameworks */,
				9DE9D54218B462B50035519D /* Foundation.framework in Frameworks */,
			);
			runOnlyForDeploymentPostprocessing = 0;
		};
/* End PBXFrameworksBuildPhase section */

/* Begin PBXGroup section */
		594A7C4B18C57F04008C077C /* DTSecurity */ = {
			isa = PBXGroup;
			children = (
				594A7C4F18C580C3008C077C /* PDKeychainBindings.h */,
				594A7C5018C580C3008C077C /* PDKeychainBindings.m */,
				594A7C5118C580C3008C077C /* PDKeychainBindingsController.h */,
				594A7C5218C580C3008C077C /* PDKeychainBindingsController.m */,
			);
			name = DTSecurity;
			sourceTree = "<group>";
		};
		59EA93A718CD018F00638048 /* Data Model */ = {
			isa = PBXGroup;
			children = (
				9DF5B46218C55B2000E1D1D7 /* DTModel.h */,
				9DF5B46318C55B2000E1D1D7 /* DTModel.m */,
				9DE968F319397D4F009470B1 /* DTSpotManager.h */,
				9DE968F419397D4F009470B1 /* DTSpotManager.m */,
				9DE968F619399F31009470B1 /* DTLotManager.h */,
				9DE968F719399F31009470B1 /* DTLotManager.m */,
				9DE968F91939A267009470B1 /* DTUserManager.h */,
				9DE968FA1939A267009470B1 /* DTUserManager.m */,
				9DE968FC1939A4F0009470B1 /* DTCarManager.h */,
				9DE968FD1939A4F0009470B1 /* DTCarManager.m */,
				9D3E0CFF193AC5C900B0223E /* DTReviewManager.h */,
				9D3E0D00193AC5C900B0223E /* DTReviewManager.m */,
				9D27300D18DE6BB1004CF460 /* DTCache.h */,
				9D27300E18DE6BB1004CF460 /* DTCache.m */,
				9DF5B45E18C55B2000E1D1D7 /* DTDataManager.h */,
				9DF5B45F18C55B2000E1D1D7 /* DTDataManager.m */,
				9DF5B46418C55B2000E1D1D7 /* DTNetworkManager.h */,
				9DF5B46518C55B2000E1D1D7 /* DTNetworkManager.m */,
			);
			name = "Data Model";
			sourceTree = "<group>";
		};
		9D00E0401935179F00EABE29 /* DTPurchase */ = {
			isa = PBXGroup;
			children = (
				9D00E041193517B600EABE29 /* DTPurchaseViewController.h */,
				9D00E042193517B600EABE29 /* DTPurchaseViewController.m */,
			);
			name = DTPurchase;
			sourceTree = "<group>";
		};
		9D15D3D518B7F77800FA635E /* DTDataTypes */ = {
			isa = PBXGroup;
			children = (
				9DF5B43E18C55AFE00E1D1D7 /* DTParkingLot.h */,
				9DF5B43F18C55AFE00E1D1D7 /* DTParkingLot.m */,
				9DF5B44018C55AFE00E1D1D7 /* DTParkingSpot.h */,
				9DF5B44118C55AFE00E1D1D7 /* DTParkingSpot.m */,
				9DF5B44218C55AFE00E1D1D7 /* DTReview.h */,
				9DF5B44318C55AFE00E1D1D7 /* DTReview.m */,
				9DF5B44418C55AFE00E1D1D7 /* DTUser.h */,
				9DF5B44518C55AFE00E1D1D7 /* DTUser.m */,
				594A7C5518C59315008C077C /* DTCar.h */,
				594A7C5618C59315008C077C /* DTCar.m */,
			);
			name = DTDataTypes;
			sourceTree = "<group>";
		};
		9D2E92A418B5A48300509F23 /* DTUIElements */ = {
			isa = PBXGroup;
			children = (
				9D00E0401935179F00EABE29 /* DTPurchase */,
				9D8A64F7193263A20003448C /* DTSpotTableViewCell */,
				9D8A64F3192C5A850003448C /* DTLotExpandedTableViewCell */,
				9D8A64EA192C0CD90003448C /* DTLotTableViewCell */,
				9D4E0129192C016A00F50955 /* DTLotSorter */,
				9D4E0121192BEADA00F50955 /* DTNavigationBar */,
				9D4E011D192BD79000F50955 /* DTLanding */,
			);
			name = DTUIElements;
			sourceTree = "<group>";
		};
		9D3411F718CCF9EA00B1508B /* DTResources */ = {
			isa = PBXGroup;
			children = (
			);
			name = DTResources;
			sourceTree = "<group>";
		};
		9D4E011D192BD79000F50955 /* DTLanding */ = {
			isa = PBXGroup;
			children = (
				9D4E011E192BD7BE00F50955 /* DTLandingViewController.h */,
				9D4E011F192BD7BE00F50955 /* DTLandingViewController.m */,
			);
			name = DTLanding;
			sourceTree = "<group>";
		};
		9D4E0121192BEADA00F50955 /* DTNavigationBar */ = {
			isa = PBXGroup;
			children = (
				9D4E0122192BFCE000F50955 /* DTNavigationBar.h */,
				9D4E0123192BFCE000F50955 /* DTNavigationBar.m */,
			);
			name = DTNavigationBar;
			sourceTree = "<group>";
		};
		9D4E0129192C016A00F50955 /* DTLotSorter */ = {
			isa = PBXGroup;
			children = (
				9D4E012A192C018300F50955 /* DTLotSorterViewController.h */,
				9D4E012B192C018300F50955 /* DTLotSorterViewController.m */,
			);
			name = DTLotSorter;
			sourceTree = "<group>";
		};
		9D8A64EA192C0CD90003448C /* DTLotTableViewCell */ = {
			isa = PBXGroup;
			children = (
				9D8A64EB192C0CF40003448C /* DTLotTableViewCell.h */,
				9D8A64EC192C0CF40003448C /* DTLotTableViewCell.m */,
			);
			name = DTLotTableViewCell;
			sourceTree = "<group>";
		};
		9D8A64F3192C5A850003448C /* DTLotExpandedTableViewCell */ = {
			isa = PBXGroup;
			children = (
				9D8A64F4192C5AB20003448C /* DTLotExpandedTableViewCell.h */,
				9D8A64F5192C5AB20003448C /* DTLotExpandedTableViewCell.m */,
			);
			name = DTLotExpandedTableViewCell;
			sourceTree = "<group>";
		};
		9D8A64F7193263A20003448C /* DTSpotTableViewCell */ = {
			isa = PBXGroup;
			children = (
				9D8A64F8193263B70003448C /* DTSpotTableViewCell.h */,
				9D8A64F9193263B70003448C /* DTSpotTableViewCell.m */,
			);
			name = DTSpotTableViewCell;
			sourceTree = "<group>";
		};
		9DE9D51518B462B50035519D = {
			isa = PBXGroup;
			children = (
				9DE9D52718B462B50035519D /* Park Ave */,
				9DE9D54618B462B50035519D /* ParklyTests */,
				9DE9D52018B462B50035519D /* Frameworks */,
				9DE9D51F18B462B50035519D /* Products */,
			);
			sourceTree = "<group>";
		};
		9DE9D51F18B462B50035519D /* Products */ = {
			isa = PBXGroup;
			children = (
				9DE9D51E18B462B50035519D /* Park Ave.app */,
				9DE9D53F18B462B50035519D /* Park AveTests.xctest */,
			);
			name = Products;
			sourceTree = "<group>";
		};
		9DE9D52018B462B50035519D /* Frameworks */ = {
			isa = PBXGroup;
			children = (
				9D4E012D192C078700F50955 /* CoreLocation.framework */,
				594A7C4918C57C94008C077C /* Security.framework */,
				9D15D3D018B72A0C00FA635E /* MapKit.framework */,
				9DE9D52118B462B50035519D /* Foundation.framework */,
				9DE9D52318B462B50035519D /* CoreGraphics.framework */,
				9DE9D52518B462B50035519D /* UIKit.framework */,
				9DE9D54018B462B50035519D /* XCTest.framework */,
			);
			name = Frameworks;
			sourceTree = "<group>";
		};
		9DE9D52718B462B50035519D /* Park Ave */ = {
			isa = PBXGroup;
			children = (
				9D3411F718CCF9EA00B1508B /* DTResources */,
				9DE9D53018B462B50035519D /* DTAppDelegate.h */,
				9DE9D53118B462B50035519D /* DTAppDelegate.m */,
				59EA93A718CD018F00638048 /* Data Model */,
				594A7C4B18C57F04008C077C /* DTSecurity */,
				9DF5B44A18C55B1100E1D1D7 /* DTNetworking */,
				9D15D3D518B7F77800FA635E /* DTDataTypes */,
				9D2E92A418B5A48300509F23 /* DTUIElements */,
				9DE9D53918B462B50035519D /* Images.xcassets */,
				9D4E011A192BD70600F50955 /* Main.storyboard */,
				9DE9D52818B462B50035519D /* Supporting Files */,
			);
			name = "Park Ave";
			path = Parkly;
			sourceTree = "<group>";
		};
		9DE9D52818B462B50035519D /* Supporting Files */ = {
			isa = PBXGroup;
			children = (
				9D15D3B218B6F34100FA635E /* JosefinSlab-Bold.ttf */,
				9D15D3B318B6F34100FA635E /* JosefinSlab-BoldItalic.ttf */,
				9D15D3B418B6F34100FA635E /* JosefinSlab-Italic.ttf */,
				9D15D3B518B6F34100FA635E /* JosefinSlab-Light.ttf */,
				9D15D3B618B6F34100FA635E /* JosefinSlab-LightItalic.ttf */,
				9D15D3B718B6F34100FA635E /* JosefinSlab-Regular.ttf */,
				9D15D3B818B6F34100FA635E /* JosefinSlab-SemiBold.ttf */,
				9D15D3B918B6F34100FA635E /* JosefinSlab-SemiBoldItalic.ttf */,
				9D15D3BA18B6F34100FA635E /* JosefinSlab-Thin.ttf */,
				9D15D3BB18B6F34100FA635E /* JosefinSlab-ThinItalic.ttf */,
				9DE9D52918B462B50035519D /* Park Ave-Info.plist */,
				9DE9D52A18B462B50035519D /* InfoPlist.strings */,
				9DE9D52D18B462B50035519D /* main.m */,
				9DE9D52F18B462B50035519D /* Park Ave-Prefix.pch */,
			);
			name = "Supporting Files";
			sourceTree = "<group>";
		};
		9DE9D54618B462B50035519D /* ParklyTests */ = {
			isa = PBXGroup;
			children = (
				9DE9D54C18B462B50035519D /* ParklyTests.m */,
				9DE9D54718B462B50035519D /* Supporting Files */,
			);
			path = ParklyTests;
			sourceTree = "<group>";
		};
		9DE9D54718B462B50035519D /* Supporting Files */ = {
			isa = PBXGroup;
			children = (
				9DE9D54818B462B50035519D /* Park AveTests-Info.plist */,
				9DE9D54918B462B50035519D /* InfoPlist.strings */,
			);
			name = "Supporting Files";
			sourceTree = "<group>";
		};
		9DF5B44A18C55B1100E1D1D7 /* DTNetworking */ = {
			isa = PBXGroup;
			children = (
				9DF5B44B18C55B2000E1D1D7 /* AFHTTPRequestOperation.h */,
				9DF5B44C18C55B2000E1D1D7 /* AFHTTPRequestOperation.m */,
				9DF5B44D18C55B2000E1D1D7 /* AFHTTPRequestOperationManager.h */,
				9DF5B44E18C55B2000E1D1D7 /* AFHTTPRequestOperationManager.m */,
				9DF5B44F18C55B2000E1D1D7 /* AFHTTPSessionManager.h */,
				9DF5B45018C55B2000E1D1D7 /* AFHTTPSessionManager.m */,
				9DF5B45118C55B2000E1D1D7 /* AFNetworking.h */,
				9DF5B45218C55B2000E1D1D7 /* AFNetworkReachabilityManager.h */,
				9DF5B45318C55B2000E1D1D7 /* AFNetworkReachabilityManager.m */,
				9DF5B45418C55B2000E1D1D7 /* AFSecurityPolicy.h */,
				9DF5B45518C55B2000E1D1D7 /* AFSecurityPolicy.m */,
				9DF5B45618C55B2000E1D1D7 /* AFURLConnectionOperation.h */,
				9DF5B45718C55B2000E1D1D7 /* AFURLConnectionOperation.m */,
				9DF5B45818C55B2000E1D1D7 /* AFURLRequestSerialization.h */,
				9DF5B45918C55B2000E1D1D7 /* AFURLRequestSerialization.m */,
				9DF5B45A18C55B2000E1D1D7 /* AFURLResponseSerialization.h */,
				9DF5B45B18C55B2000E1D1D7 /* AFURLResponseSerialization.m */,
				9DF5B45C18C55B2000E1D1D7 /* AFURLSessionManager.h */,
				9DF5B45D18C55B2000E1D1D7 /* AFURLSessionManager.m */,
			);
			name = DTNetworking;
			sourceTree = "<group>";
		};
/* End PBXGroup section */

/* Begin PBXNativeTarget section */
		9DE9D51D18B462B50035519D /* Park Ave */ = {
			isa = PBXNativeTarget;
			buildConfigurationList = 9DE9D55018B462B50035519D /* Build configuration list for PBXNativeTarget "Park Ave" */;
			buildPhases = (
				9DE9D51A18B462B50035519D /* Sources */,
				9DE9D51B18B462B50035519D /* Frameworks */,
				9DE9D51C18B462B50035519D /* Resources */,
			);
			buildRules = (
			);
			dependencies = (
			);
			name = "Park Ave";
			productName = Parkly;
			productReference = 9DE9D51E18B462B50035519D /* Park Ave.app */;
			productType = "com.apple.product-type.application";
		};
		9DE9D53E18B462B50035519D /* Park AveTests */ = {
			isa = PBXNativeTarget;
			buildConfigurationList = 9DE9D55318B462B50035519D /* Build configuration list for PBXNativeTarget "Park AveTests" */;
			buildPhases = (
				9DE9D53B18B462B50035519D /* Sources */,
				9DE9D53C18B462B50035519D /* Frameworks */,
				9DE9D53D18B462B50035519D /* Resources */,
			);
			buildRules = (
			);
			dependencies = (
				9DE9D54518B462B50035519D /* PBXTargetDependency */,
			);
			name = "Park AveTests";
			productName = ParklyTests;
			productReference = 9DE9D53F18B462B50035519D /* Park AveTests.xctest */;
			productType = "com.apple.product-type.bundle.unit-test";
		};
/* End PBXNativeTarget section */

/* Begin PBXProject section */
		9DE9D51618B462B50035519D /* Project object */ = {
			isa = PBXProject;
			attributes = {
				CLASSPREFIX = DT;
				LastUpgradeCheck = 0510;
				ORGANIZATIONNAME = DevTeam14;
				TargetAttributes = {
					9DE9D53E18B462B50035519D = {
						TestTargetID = 9DE9D51D18B462B50035519D;
					};
				};
			};
			buildConfigurationList = 9DE9D51918B462B50035519D /* Build configuration list for PBXProject "Park Ave" */;
			compatibilityVersion = "Xcode 3.2";
			developmentRegion = English;
			hasScannedForEncodings = 0;
			knownRegions = (
				en,
				Base,
			);
			mainGroup = 9DE9D51518B462B50035519D;
			productRefGroup = 9DE9D51F18B462B50035519D /* Products */;
			projectDirPath = "";
			projectRoot = "";
			targets = (
				9DE9D51D18B462B50035519D /* Park Ave */,
				9DE9D53E18B462B50035519D /* Park AveTests */,
			);
		};
/* End PBXProject section */

/* Begin PBXResourcesBuildPhase section */
		9DE9D51C18B462B50035519D /* Resources */ = {
			isa = PBXResourcesBuildPhase;
			buildActionMask = 2147483647;
			files = (
				9D15D3C418B6F34100FA635E /* JosefinSlab-Thin.ttf in Resources */,
				9D15D3BF18B6F34100FA635E /* JosefinSlab-Light.ttf in Resources */,
				9DE9D53A18B462B50035519D /* Images.xcassets in Resources */,
				9D15D3C518B6F34100FA635E /* JosefinSlab-ThinItalic.ttf in Resources */,
				9D15D3C018B6F34100FA635E /* JosefinSlab-LightItalic.ttf in Resources */,
				9DE9D52C18B462B50035519D /* InfoPlist.strings in Resources */,
				9D15D3C218B6F34100FA635E /* JosefinSlab-SemiBold.ttf in Resources */,
				9D15D3BC18B6F34100FA635E /* JosefinSlab-Bold.ttf in Resources */,
				9D15D3C318B6F34100FA635E /* JosefinSlab-SemiBoldItalic.ttf in Resources */,
				9D4E011B192BD70600F50955 /* Main.storyboard in Resources */,
				9D15D3C118B6F34100FA635E /* JosefinSlab-Regular.ttf in Resources */,
				9D15D3BE18B6F34100FA635E /* JosefinSlab-Italic.ttf in Resources */,
				9D15D3BD18B6F34100FA635E /* JosefinSlab-BoldItalic.ttf in Resources */,
			);
			runOnlyForDeploymentPostprocessing = 0;
		};
		9DE9D53D18B462B50035519D /* Resources */ = {
			isa = PBXResourcesBuildPhase;
			buildActionMask = 2147483647;
			files = (
				9DE9D54B18B462B50035519D /* InfoPlist.strings in Resources */,
			);
			runOnlyForDeploymentPostprocessing = 0;
		};
/* End PBXResourcesBuildPhase section */

/* Begin PBXSourcesBuildPhase section */
		9DE9D51A18B462B50035519D /* Sources */ = {
			isa = PBXSourcesBuildPhase;
			buildActionMask = 2147483647;
			files = (
				9D8A64EE192C10F60003448C /* DTNavigationBar.m in Sources */,
				9D7E8A9C18CCDA7400F4D9C0 /* DTAppDelegate.m in Sources */,
				9D7E8A7718CCD9AC00F4D9C0 /* PDKeychainBindings.m in Sources */,
				9D7E8A7818CCD9AC00F4D9C0 /* PDKeychainBindingsController.m in Sources */,
				9D7E8A7918CCD9AC00F4D9C0 /* AFHTTPRequestOperation.m in Sources */,
				9D3E0D01193AC5C900B0223E /* DTReviewManager.m in Sources */,
				9D7E8A7A18CCD9AC00F4D9C0 /* AFHTTPRequestOperationManager.m in Sources */,
				9D7E8A7B18CCD9AC00F4D9C0 /* AFHTTPSessionManager.m in Sources */,
				9D7E8A7C18CCD9AC00F4D9C0 /* AFNetworkReachabilityManager.m in Sources */,
				9D7E8A7D18CCD9AC00F4D9C0 /* AFSecurityPolicy.m in Sources */,
				9D8A64FA193263B70003448C /* DTSpotTableViewCell.m in Sources */,
				9D7E8A7E18CCD9AC00F4D9C0 /* AFURLConnectionOperation.m in Sources */,
				9D7E8A7F18CCD9AC00F4D9C0 /* AFURLRequestSerialization.m in Sources */,
				9D7E8A8018CCD9AC00F4D9C0 /* AFURLResponseSerialization.m in Sources */,
				9D7E8A8118CCD9AC00F4D9C0 /* AFURLSessionManager.m in Sources */,
				9D7E8A8218CCD9AC00F4D9C0 /* DTDataManager.m in Sources */,
				9D7E8A8318CCD9AC00F4D9C0 /* DTNetworkManager.m in Sources */,
				9D7E8A8518CCD9AC00F4D9C0 /* DTModel.m in Sources */,
				9DE968F519397D4F009470B1 /* DTSpotManager.m in Sources */,
				9D7E8A8618CCD9AC00F4D9C0 /* DTParkingLot.m in Sources */,
				9D4E0120192BD7BE00F50955 /* DTLandingViewController.m in Sources */,
				9D7E8A8718CCD9AC00F4D9C0 /* DTParkingSpot.m in Sources */,
				9D7E8A8818CCD9AC00F4D9C0 /* DTReview.m in Sources */,
				9D7E8A8918CCD9AC00F4D9C0 /* DTUser.m in Sources */,
				9D7E8A8A18CCD9AC00F4D9C0 /* DTCar.m in Sources */,
				9DE968FE1939A4F0009470B1 /* DTCarManager.m in Sources */,
				9D4E012C192C018300F50955 /* DTLotSorterViewController.m in Sources */,
				9D27300F18DE6BB1004CF460 /* DTCache.m in Sources */,
				9D00E043193517B600EABE29 /* DTPurchaseViewController.m in Sources */,
				9DE9D52E18B462B50035519D /* main.m in Sources */,
				9DE968FB1939A267009470B1 /* DTUserManager.m in Sources */,
				9D8A64ED192C0CF40003448C /* DTLotTableViewCell.m in Sources */,
				9D8A64F6192C5AB20003448C /* DTLotExpandedTableViewCell.m in Sources */,
				9DE968F819399F31009470B1 /* DTLotManager.m in Sources */,
			);
			runOnlyForDeploymentPostprocessing = 0;
		};
		9DE9D53B18B462B50035519D /* Sources */ = {
			isa = PBXSourcesBuildPhase;
			buildActionMask = 2147483647;
			files = (
				9DE9D54D18B462B50035519D /* ParklyTests.m in Sources */,
			);
			runOnlyForDeploymentPostprocessing = 0;
		};
/* End PBXSourcesBuildPhase section */

/* Begin PBXTargetDependency section */
		9DE9D54518B462B50035519D /* PBXTargetDependency */ = {
			isa = PBXTargetDependency;
			target = 9DE9D51D18B462B50035519D /* Park Ave */;
			targetProxy = 9DE9D54418B462B50035519D /* PBXContainerItemProxy */;
		};
/* End PBXTargetDependency section */

/* Begin PBXVariantGroup section */
		9DE9D52A18B462B50035519D /* InfoPlist.strings */ = {
			isa = PBXVariantGroup;
			children = (
				9DE9D52B18B462B50035519D /* en */,
			);
			name = InfoPlist.strings;
			sourceTree = "<group>";
		};
		9DE9D54918B462B50035519D /* InfoPlist.strings */ = {
			isa = PBXVariantGroup;
			children = (
				9DE9D54A18B462B50035519D /* en */,
			);
			name = InfoPlist.strings;
			sourceTree = "<group>";
		};
/* End PBXVariantGroup section */

/* Begin XCBuildConfiguration section */
		9DE9D54E18B462B50035519D /* Debug */ = {
			isa = XCBuildConfiguration;
			buildSettings = {
				ALWAYS_SEARCH_USER_PATHS = NO;
				CLANG_CXX_LANGUAGE_STANDARD = "gnu++0x";
				CLANG_CXX_LIBRARY = "libc++";
				CLANG_ENABLE_MODULES = YES;
				CLANG_ENABLE_OBJC_ARC = YES;
				CLANG_WARN_BOOL_CONVERSION = YES;
				CLANG_WARN_CONSTANT_CONVERSION = YES;
				CLANG_WARN_DIRECT_OBJC_ISA_USAGE = YES_ERROR;
				CLANG_WARN_EMPTY_BODY = YES;
				CLANG_WARN_ENUM_CONVERSION = YES;
				CLANG_WARN_INT_CONVERSION = YES;
				CLANG_WARN_OBJC_ROOT_CLASS = YES_ERROR;
				CLANG_WARN__DUPLICATE_METHOD_MATCH = YES;
				"CODE_SIGN_IDENTITY[sdk=iphoneos*]" = "iPhone Developer";
				COPY_PHASE_STRIP = NO;
				GCC_C_LANGUAGE_STANDARD = gnu99;
				GCC_DYNAMIC_NO_PIC = NO;
				GCC_OPTIMIZATION_LEVEL = 0;
				GCC_PREPROCESSOR_DEFINITIONS = (
					"DEBUG=1",
					"$(inherited)",
				);
				GCC_SYMBOLS_PRIVATE_EXTERN = NO;
				GCC_WARN_64_TO_32_BIT_CONVERSION = YES;
				GCC_WARN_ABOUT_RETURN_TYPE = YES_ERROR;
				GCC_WARN_UNDECLARED_SELECTOR = YES;
				GCC_WARN_UNINITIALIZED_AUTOS = YES;
				GCC_WARN_UNUSED_FUNCTION = YES;
				GCC_WARN_UNUSED_VARIABLE = YES;
				IPHONEOS_DEPLOYMENT_TARGET = 7.0;
				ONLY_ACTIVE_ARCH = YES;
				SDKROOT = iphoneos;
			};
			name = Debug;
		};
		9DE9D54F18B462B50035519D /* Release */ = {
			isa = XCBuildConfiguration;
			buildSettings = {
				ALWAYS_SEARCH_USER_PATHS = NO;
				CLANG_CXX_LANGUAGE_STANDARD = "gnu++0x";
				CLANG_CXX_LIBRARY = "libc++";
				CLANG_ENABLE_MODULES = YES;
				CLANG_ENABLE_OBJC_ARC = YES;
				CLANG_WARN_BOOL_CONVERSION = YES;
				CLANG_WARN_CONSTANT_CONVERSION = YES;
				CLANG_WARN_DIRECT_OBJC_ISA_USAGE = YES_ERROR;
				CLANG_WARN_EMPTY_BODY = YES;
				CLANG_WARN_ENUM_CONVERSION = YES;
				CLANG_WARN_INT_CONVERSION = YES;
				CLANG_WARN_OBJC_ROOT_CLASS = YES_ERROR;
				CLANG_WARN__DUPLICATE_METHOD_MATCH = YES;
				"CODE_SIGN_IDENTITY[sdk=iphoneos*]" = "iPhone Developer";
				COPY_PHASE_STRIP = YES;
				ENABLE_NS_ASSERTIONS = NO;
				GCC_C_LANGUAGE_STANDARD = gnu99;
				GCC_WARN_64_TO_32_BIT_CONVERSION = YES;
				GCC_WARN_ABOUT_RETURN_TYPE = YES_ERROR;
				GCC_WARN_UNDECLARED_SELECTOR = YES;
				GCC_WARN_UNINITIALIZED_AUTOS = YES;
				GCC_WARN_UNUSED_FUNCTION = YES;
				GCC_WARN_UNUSED_VARIABLE = YES;
				IPHONEOS_DEPLOYMENT_TARGET = 7.0;
				SDKROOT = iphoneos;
				VALIDATE_PRODUCT = YES;
			};
			name = Release;
		};
		9DE9D55118B462B50035519D /* Debug */ = {
			isa = XCBuildConfiguration;
			buildSettings = {
				ASSETCATALOG_COMPILER_APPICON_NAME = AppIcon;
				ASSETCATALOG_COMPILER_LAUNCHIMAGE_NAME = LaunchImage;
				GCC_PRECOMPILE_PREFIX_HEADER = YES;
				GCC_PREFIX_HEADER = "Parkly/Park Ave-Prefix.pch";
				INFOPLIST_FILE = "Parkly/Park Ave-Info.plist";
				IPHONEOS_DEPLOYMENT_TARGET = 7.1;
				PRODUCT_NAME = "Park Ave";
				WRAPPER_EXTENSION = app;
			};
			name = Debug;
		};
		9DE9D55218B462B50035519D /* Release */ = {
			isa = XCBuildConfiguration;
			buildSettings = {
				ASSETCATALOG_COMPILER_APPICON_NAME = AppIcon;
				ASSETCATALOG_COMPILER_LAUNCHIMAGE_NAME = LaunchImage;
				CODE_SIGN_IDENTITY = "iPhone Distribution: Integrated Applications L.L.C. (HT8X5T7256)";
				GCC_PRECOMPILE_PREFIX_HEADER = YES;
				GCC_PREFIX_HEADER = "Parkly/Park Ave-Prefix.pch";
				INFOPLIST_FILE = "Parkly/Park Ave-Info.plist";
				IPHONEOS_DEPLOYMENT_TARGET = 7.1;
				PRODUCT_NAME = "Park Ave";
				WRAPPER_EXTENSION = app;
			};
			name = Release;
		};
		9DE9D55418B462B50035519D /* Debug */ = {
			isa = XCBuildConfiguration;
			buildSettings = {
				BUNDLE_LOADER = "$(BUILT_PRODUCTS_DIR)/Parkly.app/Parkly";
				FRAMEWORK_SEARCH_PATHS = (
					"$(SDKROOT)/Developer/Library/Frameworks",
					"$(inherited)",
					"$(DEVELOPER_FRAMEWORKS_DIR)",
				);
				GCC_PRECOMPILE_PREFIX_HEADER = YES;
				GCC_PREFIX_HEADER = "Parkly/Parkly-Prefix.pch";
				GCC_PREPROCESSOR_DEFINITIONS = (
					"DEBUG=1",
					"$(inherited)",
				);
				INFOPLIST_FILE = "ParklyTests/Park AveTests-Info.plist";
				PRODUCT_NAME = "Park AveTests";
				TEST_HOST = "$(BUNDLE_LOADER)";
				WRAPPER_EXTENSION = xctest;
			};
			name = Debug;
		};
		9DE9D55518B462B50035519D /* Release */ = {
			isa = XCBuildConfiguration;
			buildSettings = {
				BUNDLE_LOADER = "$(BUILT_PRODUCTS_DIR)/Parkly.app/Parkly";
				FRAMEWORK_SEARCH_PATHS = (
					"$(SDKROOT)/Developer/Library/Frameworks",
					"$(inherited)",
					"$(DEVELOPER_FRAMEWORKS_DIR)",
				);
				GCC_PRECOMPILE_PREFIX_HEADER = YES;
				GCC_PREFIX_HEADER = "Parkly/Parkly-Prefix.pch";
				INFOPLIST_FILE = "ParklyTests/Park AveTests-Info.plist";
				PRODUCT_NAME = "Park AveTests";
				TEST_HOST = "$(BUNDLE_LOADER)";
				WRAPPER_EXTENSION = xctest;
			};
			name = Release;
		};
/* End XCBuildConfiguration section */

/* Begin XCConfigurationList section */
		9DE9D51918B462B50035519D /* Build configuration list for PBXProject "Park Ave" */ = {
			isa = XCConfigurationList;
			buildConfigurations = (
				9DE9D54E18B462B50035519D /* Debug */,
				9DE9D54F18B462B50035519D /* Release */,
			);
			defaultConfigurationIsVisible = 0;
			defaultConfigurationName = Release;
		};
		9DE9D55018B462B50035519D /* Build configuration list for PBXNativeTarget "Park Ave" */ = {
			isa = XCConfigurationList;
			buildConfigurations = (
				9DE9D55118B462B50035519D /* Debug */,
				9DE9D55218B462B50035519D /* Release */,
			);
			defaultConfigurationIsVisible = 0;
			defaultConfigurationName = Release;
		};
		9DE9D55318B462B50035519D /* Build configuration list for PBXNativeTarget "Park AveTests" */ = {
			isa = XCConfigurationList;
			buildConfigurations = (
				9DE9D55418B462B50035519D /* Debug */,
				9DE9D55518B462B50035519D /* Release */,
			);
			defaultConfigurationIsVisible = 0;
			defaultConfigurationName = Release;
		};
/* End XCConfigurationList section */
	};
	rootObject = 9DE9D51618B462B50035519D /* Project object */;
}
